// !$*UTF8*$!
{
	archiveVersion = 1;
	classes = {
	};
	objectVersion = 46;
	objects = {

/* Begin PBXBuildFile section */
		14DE3B521DCCDE3D005DAD81 /* quickSort.cpp in Sources */ = {isa = PBXBuildFile; fileRef = 14DE3B511DCCDE3D005DAD81 /* quickSort.cpp */; };
		14DE3B591DCD3566005DAD81 /* mergeSort.cpp in Sources */ = {isa = PBXBuildFile; fileRef = 14DE3B581DCD3566005DAD81 /* mergeSort.cpp */; };
		14DE3B5B1DCE67B0005DAD81 /* scraps.cpp in Sources */ = {isa = PBXBuildFile; fileRef = 14DE3B5A1DCE67B0005DAD81 /* scraps.cpp */; };
/* End PBXBuildFile section */

/* Begin PBXCopyFilesBuildPhase section */
		14DE3B4C1DCCDE3D005DAD81 /* CopyFiles */ = {
			isa = PBXCopyFilesBuildPhase;
			buildActionMask = 2147483647;
			dstPath = /usr/share/man/man1/;
			dstSubfolderSpec = 0;
			files = (
			);
			runOnlyForDeploymentPostprocessing = 1;
		};
/* End PBXCopyFilesBuildPhase section */

/* Begin PBXFileReference section */
		14DE3B4E1DCCDE3D005DAD81 /* PM2 HW4 */ = {isa = PBXFileReference; explicitFileType = "compiled.mach-o.executable"; includeInIndex = 0; path = "PM2 HW4"; sourceTree = BUILT_PRODUCTS_DIR; };
		14DE3B511DCCDE3D005DAD81 /* quickSort.cpp */ = {isa = PBXFileReference; lastKnownFileType = sourcecode.cpp.cpp; path = quickSort.cpp; sourceTree = "<group>"; };
		14DE3B581DCD3566005DAD81 /* mergeSort.cpp */ = {isa = PBXFileReference; fileEncoding = 4; lastKnownFileType = sourcecode.cpp.cpp; path = mergeSort.cpp; sourceTree = "<group>"; };
		14DE3B5A1DCE67B0005DAD81 /* scraps.cpp */ = {isa = PBXFileReference; fileEncoding = 4; lastKnownFileType = sourcecode.cpp.cpp; path = scraps.cpp; sourceTree = "<group>"; };
/* End PBXFileReference section */

/* Begin PBXFrameworksBuildPhase section */
		14DE3B4B1DCCDE3D005DAD81 /* Frameworks */ = {
			isa = PBXFrameworksBuildPhase;
			buildActionMask = 2147483647;
			files = (
			);
			runOnlyForDeploymentPostprocessing = 0;
		};
/* End PBXFrameworksBuildPhase section */

/* Begin PBXGroup section */
		14DE3B451DCCDE3D005DAD81 = {
			isa = PBXGroup;
			children = (
				14DE3B501DCCDE3D005DAD81 /* PM2 HW4 */,
				14DE3B4F1DCCDE3D005DAD81 /* Products */,
			);
			sourceTree = "<group>";
		};
		14DE3B4F1DCCDE3D005DAD81 /* Products */ = {
			isa = PBXGroup;
			children = (
				14DE3B4E1DCCDE3D005DAD81 /* PM2 HW4 */,
			);
			name = Products;
			sourceTree = "<group>";
		};
		14DE3B501DCCDE3D005DAD81 /* PM2 HW4 */ = {
			isa = PBXGroup;
			children = (
				14DE3B511DCCDE3D005DAD81 /* quickSort.cpp */,
				14DE3B581DCD3566005DAD81 /* mergeSort.cpp */,
				14DE3B5A1DCE67B0005DAD81 /* scraps.cpp */,
			);
			path = "PM2 HW4";
			sourceTree = "<group>";
		};
/* End PBXGroup section */

/* Begin PBXNativeTarget section */
		14DE3B4D1DCCDE3D005DAD81 /* PM2 HW4 */ = {
			isa = PBXNativeTarget;
			buildConfigurationList = 14DE3B551DCCDE3D005DAD81 /* Build configuration list for PBXNativeTarget "PM2 HW4" */;
			buildPhases = (
				14DE3B4A1DCCDE3D005DAD81 /* Sources */,
				14DE3B4B1DCCDE3D005DAD81 /* Frameworks */,
				14DE3B4C1DCCDE3D005DAD81 /* CopyFiles */,
			);
			buildRules = (
			);
			dependencies = (
			);
			name = "PM2 HW4";
			productName = "PM2 HW4";
			productReference = 14DE3B4E1DCCDE3D005DAD81 /* PM2 HW4 */;
			productType = "com.apple.product-type.tool";
		};
/* End PBXNativeTarget section */

/* Begin PBXProject section */
		14DE3B461DCCDE3D005DAD81 /* Project object */ = {
			isa = PBXProject;
			attributes = {
				LastUpgradeCheck = 0800;
				ORGANIZATIONNAME = "Mo Alhayek";
				TargetAttributes = {
					14DE3B4D1DCCDE3D005DAD81 = {
						CreatedOnToolsVersion = 8.0;
						ProvisioningStyle = Automatic;
					};
				};
			};
			buildConfigurationList = 14DE3B491DCCDE3D005DAD81 /* Build configuration list for PBXProject "PM2 HW4" */;
			compatibilityVersion = "Xcode 3.2";
			developmentRegion = English;
			hasScannedForEncodings = 0;
			knownRegions = (
				en,
			);
			mainGroup = 14DE3B451DCCDE3D005DAD81;
			productRefGroup = 14DE3B4F1DCCDE3D005DAD81 /* Products */;
			projectDirPath = "";
			projectRoot = "";
			targets = (
				14DE3B4D1DCCDE3D005DAD81 /* PM2 HW4 */,
			);
		};
/* End PBXProject section */

/* Begin PBXSourcesBuildPhase section */
		14DE3B4A1DCCDE3D005DAD81 /* Sources */ = {
			isa = PBXSourcesBuildPhase;
			buildActionMask = 2147483647;
			files = (
				14DE3B591DCD3566005DAD81 /* mergeSort.cpp in Sources */,
				14DE3B5B1DCE67B0005DAD81 /* scraps.cpp in Sources */,
				14DE3B521DCCDE3D005DAD81 /* quickSort.cpp in Sources */,
			);
			runOnlyForDeploymentPostprocessing = 0;
		};
/* End PBXSourcesBuildPhase section */

/* Begin XCBuildConfiguration section */
		14DE3B531DCCDE3D005DAD81 /* Debug */ = {
			isa = XCBuildConfiguration;
			buildSettings = {
				ALWAYS_SEARCH_USER_PATHS = NO;
				CLANG_ANALYZER_NONNULL = YES;
				CLANG_CXX_LANGUAGE_STANDARD = "gnu++0x";
				CLANG_CXX_LIBRARY = "libc++";
				CLANG_ENABLE_MODULES = YES;
				CLANG_ENABLE_OBJC_ARC = YES;
				CLANG_WARN_BOOL_CONVERSION = YES;
				CLANG_WARN_CONSTANT_CONVERSION = YES;
				CLANG_WARN_DIRECT_OBJC_ISA_USAGE = YES_ERROR;
				CLANG_WARN_DOCUMENTATION_COMMENTS = YES;
				CLANG_WARN_EMPTY_BODY = YES;
				CLANG_WARN_ENUM_CONVERSION = YES;
				CLANG_WARN_INFINITE_RECURSION = YES;
				CLANG_WARN_INT_CONVERSION = YES;
				CLANG_WARN_OBJC_ROOT_CLASS = YES_ERROR;
				CLANG_WARN_SUSPICIOUS_MOVES = YES;
				CLANG_WARN_UNREACHABLE_CODE = YES;
				CLANG_WARN__DUPLICATE_METHOD_MATCH = YES;
				CODE_SIGN_IDENTITY = "-";
				COPY_PHASE_STRIP = NO;
				DEBUG_INFORMATION_FORMAT = dwarf;
				ENABLE_STRICT_OBJC_MSGSEND = YES;
				ENABLE_TESTABILITY = YES;
				GCC_C_LANGUAGE_STANDARD = gnu99;
				GCC_DYNAMIC_NO_PIC = NO;
				GCC_NO_COMMON_BLOCKS = YES;
				GCC_OPTIMIZATION_LEVEL = 0;
				GCC_PREPROCESSOR_DEFINITIONS = (
					"DEBUG=1",
					"$(inherited)",
				);
				GCC_WARN_64_TO_32_BIT_CONVERSION = YES;
				GCC_WARN_ABOUT_RETURN_TYPE = YES_ERROR;
				GCC_WARN_UNDECLARED_SELECTOR = YES;
				GCC_WARN_UNINITIALIZED_AUTOS = YES_AGGRESSIVE;
				GCC_WARN_UNUSED_FUNCTION = YES;
				GCC_WARN_UNUSED_VARIABLE = YES;
				MACOSX_DEPLOYMENT_TARGET = 10.12;
				MTL_ENABLE_DEBUG_INFO = YES;
				ONLY_ACTIVE_ARCH = YES;
				SDKROOT = macosx;
			};
			name = Debug;
		};
		14DE3B541DCCDE3D005DAD81 /* Release */ = {
			isa = XCBuildConfiguration;
			buildSettings = {
				ALWAYS_SEARCH_USER_PATHS = NO;
				CLANG_ANALYZER_NONNULL = YES;
				CLANG_CXX_LANGUAGE_STANDARD = "gnu++0x";
				CLANG_CXX_LIBRARY = "libc++";
				CLANG_ENABLE_MODULES = YES;
				CLANG_ENABLE_OBJC_ARC = YES;
				CLANG_WARN_BOOL_CONVERSION = YES;
				CLANG_WARN_CONSTANT_CONVERSION = YES;
				CLANG_WARN_DIRECT_OBJC_ISA_USAGE = YES_ERROR;
				CLANG_WARN_DOCUMENTATION_COMMENTS = YES;
				CLANG_WARN_EMPTY_BODY = YES;
				CLANG_WARN_ENUM_CONVERSION = YES;
				CLANG_WARN_INFINITE_RECURSION = YES;
				CLANG_WARN_INT_CONVERSION = YES;
				CLANG_WARN_OBJC_ROOT_CLASS = YES_ERROR;
				CLANG_WARN_SUSPICIOUS_MOVES = YES;
				CLANG_WARN_UNREACHABLE_CODE = YES;
				CLANG_WARN__DUPLICATE_METHOD_MATCH = YES;
				CODE_SIGN_IDENTITY = "-";
				COPY_PHASE_STRIP = NO;
				DEBUG_INFORMATION_FORMAT = "dwarf-with-dsym";
				ENABLE_NS_ASSERTIONS = NO;
				ENABLE_STRICT_OBJC_MSGSEND = YES;
				GCC_C_LANGUAGE_STANDARD = gnu99;
				GCC_NO_COMMON_BLOCKS = YES;
				GCC_WARN_64_TO_32_BIT_CONVERSION = YES;
				GCC_WARN_ABOUT_RETURN_TYPE = YES_ERROR;
				GCC_WARN_UNDECLARED_SELECTOR = YES;
				GCC_WARN_UNINITIALIZED_AUTOS = YES_AGGRESSIVE;
				GCC_WARN_UNUSED_FUNCTION = YES;
				GCC_WARN_UNUSED_VARIABLE = YES;
				MACOSX_DEPLOYMENT_TARGET = 10.12;
				MTL_ENABLE_DEBUG_INFO = NO;
				SDKROOT = macosx;
			};
			name = Release;
		};
		14DE3B561DCCDE3D005DAD81 /* Debug */ = {
			isa = XCBuildConfiguration;
			buildSettings = {
				PRODUCT_NAME = "$(TARGET_NAME)";
			};
			name = Debug;
		};
		14DE3B571DCCDE3D005DAD81 /* Release */ = {
			isa = XCBuildConfiguration;
			buildSettings = {
				PRODUCT_NAME = "$(TARGET_NAME)";
			};
			name = Release;
		};
/* End XCBuildConfiguration section */

/* Begin XCConfigurationList section */
		14DE3B491DCCDE3D005DAD81 /* Build configuration list for PBXProject "PM2 HW4" */ = {
			isa = XCConfigurationList;
			buildConfigurations = (
				14DE3B531DCCDE3D005DAD81 /* Debug */,
				14DE3B541DCCDE3D005DAD81 /* Release */,
			);
			defaultConfigurationIsVisible = 0;
			defaultConfigurationName = Release;
		};
		14DE3B551DCCDE3D005DAD81 /* Build configuration list for PBXNativeTarget "PM2 HW4" */ = {
			isa = XCConfigurationList;
			buildConfigurations = (
				14DE3B561DCCDE3D005DAD81 /* Debug */,
				14DE3B571DCCDE3D005DAD81 /* Release */,
			);
			defaultConfigurationIsVisible = 0;
		};
/* End XCConfigurationList section */
	};
	rootObject = 14DE3B461DCCDE3D005DAD81 /* Project object */;
}
